{
  "version": 4,
  "terraform_version": "1.6.2",
  "serial": 6,
  "lineage": "afb779b6-d11d-106c-4e07-2d441ea33dda",
  "outputs": {},
  "resources": [
    {
      "mode": "managed",
      "type": "aws_iam_policy",
      "name": "s3_replication_policy",
      "provider": "provider[\"registry.terraform.io/hashicorp/aws\"]",
      "instances": [
        {
          "schema_version": 0,
          "attributes": {
            "arn": "arn:aws:iam::200600139761:policy/S3ReplicationPolicy",
            "description": "Policy for S3 replication",
            "id": "arn:aws:iam::200600139761:policy/S3ReplicationPolicy",
            "name": "S3ReplicationPolicy",
            "name_prefix": "",
            "path": "/",
            "policy": "{\"Statement\":[{\"Action\":[\"s3:ListBucket\",\"s3:GetReplicationConfiguration\",\"s3:GetObjectVersionForReplication\",\"s3:GetObjectVersionAcl\",\"s3:GetObjectVersionTagging\",\"s3:GetObjectRetention\",\"s3:GetObjectLegalHold\"],\"Effect\":\"Allow\",\"Resource\":[\"arn:aws:s3:::aws-controltower-logs-200600139761-us-east-1\",\"arn:aws:s3:::aws-controltower-logs-200600139761-us-east-1/*\",\"arn:aws:s3:::json-source-bucket\",\"arn:aws:s3:::json-source-bucket/*\"]},{\"Action\":[\"s3:ReplicateObject\",\"s3:ReplicateDelete\",\"s3:ReplicateTags\",\"s3:ObjectOwnerOverrideToBucketOwner\"],\"Effect\":\"Allow\",\"Resource\":[\"arn:aws:s3:::aws-controltower-logs-200600139761-us-east-1/*\",\"arn:aws:s3:::json-source-bucket/*\"]}],\"Version\":\"2012-10-17\"}",
            "policy_id": "ANPAS5NFTG7YYEWTPXB5R",
            "tags": null,
            "tags_all": {}
          },
          "sensitive_attributes": [],
          "private": "bnVsbA=="
        }
      ]
    },
    {
      "mode": "managed",
      "type": "aws_iam_role",
      "name": "s3_replication_role",
      "provider": "provider[\"registry.terraform.io/hashicorp/aws\"]",
      "instances": [
        {
          "schema_version": 0,
          "attributes": {
            "arn": "arn:aws:iam::200600139761:role/S3ReplicationRole",
            "assume_role_policy": "{\"Statement\":[{\"Action\":\"sts:AssumeRole\",\"Effect\":\"Allow\",\"Principal\":{\"Service\":\"lambda.amazonaws.com\"}},{\"Action\":\"sts:AssumeRole\",\"Effect\":\"Allow\",\"Principal\":{\"Service\":\"s3.amazonaws.com\"}}],\"Version\":\"2012-10-17\"}",
            "create_date": "2023-10-25T13:47:11Z",
            "description": "",
            "force_detach_policies": false,
            "id": "S3ReplicationRole",
            "inline_policy": [],
            "managed_policy_arns": [],
            "max_session_duration": 3600,
            "name": "S3ReplicationRole",
            "name_prefix": "",
            "path": "/",
            "permissions_boundary": "",
            "tags": null,
            "tags_all": {},
            "unique_id": "AROAS5NFTG7YV6CT7T6HX"
          },
          "sensitive_attributes": [],
          "private": "bnVsbA=="
        }
      ]
    },
    {
      "mode": "managed",
      "type": "aws_iam_role_policy_attachment",
      "name": "s3_replication_attachment",
      "provider": "provider[\"registry.terraform.io/hashicorp/aws\"]",
      "instances": [
        {
          "schema_version": 0,
          "attributes": {
            "id": "S3ReplicationRole-20231025134710949200000001",
            "policy_arn": "arn:aws:iam::200600139761:policy/S3ReplicationPolicy",
            "role": "S3ReplicationRole"
          },
          "sensitive_attributes": [],
          "private": "bnVsbA==",
          "dependencies": [
            "aws_iam_policy.s3_replication_policy",
            "aws_iam_role.s3_replication_role"
          ]
        }
      ]
    },
    {
      "mode": "managed",
      "type": "aws_s3_bucket_replication_configuration",
      "name": "replication",
      "provider": "provider[\"registry.terraform.io/hashicorp/aws\"].central",
      "instances": [
        {
          "schema_version": 0,
          "attributes": {
            "bucket": "aws-controltower-logs-200600139761-us-east-1",
            "id": "aws-controltower-logs-200600139761-us-east-1",
            "role": "arn:aws:iam::200600139761:role/S3ReplicationRole",
            "rule": [
              {
                "delete_marker_replication": [],
                "destination": [
                  {
                    "access_control_translation": [],
                    "account": "",
                    "bucket": "arn:aws:s3:::json-source-bucket",
                    "encryption_configuration": [],
                    "metrics": [],
                    "replication_time": [],
                    "storage_class": "STANDARD"
                  }
                ],
                "existing_object_replication": [],
                "filter": [],
                "id": "Rule1",
                "prefix": "",
                "priority": 0,
                "source_selection_criteria": [],
                "status": "Enabled"
              }
            ],
            "token": null
          },
          "sensitive_attributes": [],
          "private": "bnVsbA==",
          "dependencies": [
            "aws_iam_role.s3_replication_role"
          ]
        }
      ]
    },
    {
      "mode": "managed",
      "type": "aws_s3_bucket_versioning",
      "name": "versioning_example",
      "provider": "provider[\"registry.terraform.io/hashicorp/aws\"]",
      "instances": [
        {
          "schema_version": 0,
          "attributes": {
            "bucket": "aws-controltower-logs-200600139761-us-east-1",
            "expected_bucket_owner": "",
            "id": "aws-controltower-logs-200600139761-us-east-1",
            "mfa": null,
            "versioning_configuration": [
              {
                "mfa_delete": "",
                "status": "Enabled"
              }
            ]
          },
          "sensitive_attributes": [],
          "private": "bnVsbA=="
        }
      ]
    }
  ],
  "check_results": null
}
